
Microsoft Visual Studio Solution File, Format Version 12.00
# Visual Studio Version 17
VisualStudioVersion = 17.1.32228.430
MinimumVisualStudioVersion = 10.0.40219.1
Project("{FAE04EC0-301F-11D3-BF4B-00C04F79EFBC}") = "indexers", "indexers\indexers.csproj", "{7179EAE7-0480-43E5-B86D-4E3A906883CB}"
EndProject
Global
	GlobalSection(SolutionConfigurationPlatforms) = preSolution
		Debug|Any CPU = Debug|Any CPU
		Release|Any CPU = Release|Any CPU
	EndGlobalSection
	GlobalSection(ProjectConfigurationPlatforms) = postSolution
		{7179EAE7-0480-43E5-B86D-4E3A906883CB}.Debug|Any CPU.ActiveCfg = Debug|Any CPU
		{7179EAE7-0480-43E5-B86D-4E3A906883CB}.Debug|Any CPU.Build.0 = Debug|Any CPU
		{7179EAE7-0480-43E5-B86D-4E3A906883CB}.Release|Any CPU.ActiveCfg = Release|Any CPU
		{7179EAE7-0480-43E5-B86D-4E3A906883CB}.Release|Any CPU.Build.0 = Release|Any CPU
	EndGlobalSection
	GlobalSection(SolutionProperties) = preSolution
		HideSolutionNode = FALSE
	EndGlobalSection
	GlobalSection(ExtensibilityGlobals) = postSolution
		SolutionGuid = {03C4F23F-CA58-4FB6-8D92-B6344C963920}
	EndGlobalSection
EndGlobal
