
Microsoft Visual Studio Solution File, Format Version 12.00
# Visual Studio Version 17
VisualStudioVersion = 17.1.32228.430
MinimumVisualStudioVersion = 10.0.40219.1
Project("{FAE04EC0-301F-11D3-BF4B-00C04F79EFBC}") = "InterfaceExercise", "InterfaceExercise\InterfaceExercise.csproj", "{8C569AB8-8C76-48F4-80A0-306CD6D26CB0}"
EndProject
Global
	GlobalSection(SolutionConfigurationPlatforms) = preSolution
		Debug|Any CPU = Debug|Any CPU
		Release|Any CPU = Release|Any CPU
	EndGlobalSection
	GlobalSection(ProjectConfigurationPlatforms) = postSolution
		{8C569AB8-8C76-48F4-80A0-306CD6D26CB0}.Debug|Any CPU.ActiveCfg = Debug|Any CPU
		{8C569AB8-8C76-48F4-80A0-306CD6D26CB0}.Debug|Any CPU.Build.0 = Debug|Any CPU
		{8C569AB8-8C76-48F4-80A0-306CD6D26CB0}.Release|Any CPU.ActiveCfg = Release|Any CPU
		{8C569AB8-8C76-48F4-80A0-306CD6D26CB0}.Release|Any CPU.Build.0 = Release|Any CPU
	EndGlobalSection
	GlobalSection(SolutionProperties) = preSolution
		HideSolutionNode = FALSE
	EndGlobalSection
	GlobalSection(ExtensibilityGlobals) = postSolution
		SolutionGuid = {693798E8-C7A9-4315-ACBF-52370A1CF441}
	EndGlobalSection
EndGlobal
